
Microsoft Visual Studio Solution File, Format Version 12.00
# Visual Studio 2012
Project("{F184B08F-C81C-45F6-A57F-5ABD9991F28F}") = "Nested-Folder-Structure", "Nested-Folder-Structure\Nested-Folder-Structure.vbproj", "{EF05D7B6-E60E-47A2-8371-36F6EB8229AE}"
EndProject
Project("{F184B08F-C81C-45F6-A57F-5ABD9991F28F}") = "nfs4v", "nfs4v\nfs4v.vbproj", "{1F0D7F88-C145-4841-8657-06F1E79BF9FD}"
EndProject
Global
	GlobalSection(SolutionConfigurationPlatforms) = preSolution
		Debug|Any CPU = Debug|Any CPU
		Release|Any CPU = Release|Any CPU
	EndGlobalSection
	GlobalSection(ProjectConfigurationPlatforms) = postSolution
		{EF05D7B6-E60E-47A2-8371-36F6EB8229AE}.Debug|Any CPU.ActiveCfg = Debug|Any CPU
		{EF05D7B6-E60E-47A2-8371-36F6EB8229AE}.Debug|Any CPU.Build.0 = Debug|Any CPU
		{EF05D7B6-E60E-47A2-8371-36F6EB8229AE}.Release|Any CPU.ActiveCfg = Release|Any CPU
		{EF05D7B6-E60E-47A2-8371-36F6EB8229AE}.Release|Any CPU.Build.0 = Release|Any CPU
		{1F0D7F88-C145-4841-8657-06F1E79BF9FD}.Debug|Any CPU.ActiveCfg = Debug|Any CPU
		{1F0D7F88-C145-4841-8657-06F1E79BF9FD}.Debug|Any CPU.Build.0 = Debug|Any CPU
		{1F0D7F88-C145-4841-8657-06F1E79BF9FD}.Release|Any CPU.ActiveCfg = Release|Any CPU
		{1F0D7F88-C145-4841-8657-06F1E79BF9FD}.Release|Any CPU.Build.0 = Release|Any CPU
	EndGlobalSection
	GlobalSection(SolutionProperties) = preSolution
		HideSolutionNode = FALSE
	EndGlobalSection
EndGlobal
